
Microsoft Visual Studio Solution File, Format Version 12.00
# Visual Studio Version 17
VisualStudioVersion = 17.0.31903.59
MinimumVisualStudioVersion = 10.0.40219.1
Project("{FAE04EC0-301F-11D3-BF4B-00C04F79EFBC}") = "AntlrCSharp", "AntlrCSharp\AntlrCSharp.csproj", "{DB919577-8FCA-416E-9DC8-9B5F07AA038E}"
EndProject
Project("{FAE04EC0-301F-11D3-BF4B-00C04F79EFBC}") = "AntlrCSharpTests", "AntlrCSharpTests\AntlrCSharpTests.csproj", "{9CA4F7B3-8747-43E9-8363-7B76D0E7647A}"
EndProject
Global
	GlobalSection(SolutionConfigurationPlatforms) = preSolution
		Debug|Any CPU = Debug|Any CPU
		Release|Any CPU = Release|Any CPU
	EndGlobalSection
	GlobalSection(SolutionProperties) = preSolution
		HideSolutionNode = FALSE
	EndGlobalSection
	GlobalSection(ProjectConfigurationPlatforms) = postSolution
		{DB919577-8FCA-416E-9DC8-9B5F07AA038E}.Debug|Any CPU.ActiveCfg = Debug|Any CPU
		{DB919577-8FCA-416E-9DC8-9B5F07AA038E}.Debug|Any CPU.Build.0 = Debug|Any CPU
		{DB919577-8FCA-416E-9DC8-9B5F07AA038E}.Release|Any CPU.ActiveCfg = Release|Any CPU
		{DB919577-8FCA-416E-9DC8-9B5F07AA038E}.Release|Any CPU.Build.0 = Release|Any CPU
		{9CA4F7B3-8747-43E9-8363-7B76D0E7647A}.Debug|Any CPU.ActiveCfg = Debug|Any CPU
		{9CA4F7B3-8747-43E9-8363-7B76D0E7647A}.Debug|Any CPU.Build.0 = Debug|Any CPU
		{9CA4F7B3-8747-43E9-8363-7B76D0E7647A}.Release|Any CPU.ActiveCfg = Release|Any CPU
		{9CA4F7B3-8747-43E9-8363-7B76D0E7647A}.Release|Any CPU.Build.0 = Release|Any CPU
	EndGlobalSection
EndGlobal
